
Microsoft Visual Studio Solution File, Format Version 12.00
# Visual Studio Version 17
VisualStudioVersion = 17.11.35222.181
MinimumVisualStudioVersion = 10.0.40219.1
Project("{FAE04EC0-301F-11D3-BF4B-00C04F79EFBC}") = "CustomersRepo", "CustomersRepo.csproj", "{952B3CF8-E4D3-44BE-A671-AF06C25A4AD1}"
EndProject
Global
	GlobalSection(SolutionConfigurationPlatforms) = preSolution
		Debug|Any CPU = Debug|Any CPU
		Release|Any CPU = Release|Any CPU
	EndGlobalSection
	GlobalSection(ProjectConfigurationPlatforms) = postSolution
		{952B3CF8-E4D3-44BE-A671-AF06C25A4AD1}.Debug|Any CPU.ActiveCfg = Debug|Any CPU
		{952B3CF8-E4D3-44BE-A671-AF06C25A4AD1}.Debug|Any CPU.Build.0 = Debug|Any CPU
		{952B3CF8-E4D3-44BE-A671-AF06C25A4AD1}.Release|Any CPU.ActiveCfg = Release|Any CPU
		{952B3CF8-E4D3-44BE-A671-AF06C25A4AD1}.Release|Any CPU.Build.0 = Release|Any CPU
	EndGlobalSection
	GlobalSection(SolutionProperties) = preSolution
		HideSolutionNode = FALSE
	EndGlobalSection
	GlobalSection(ExtensibilityGlobals) = postSolution
		SolutionGuid = {0FD9C4B4-759A-4A0B-8080-E707B12CFF81}
	EndGlobalSection
EndGlobal
